
Microsoft Visual Studio Solution File, Format Version 12.00
# Visual Studio Version 16
VisualStudioVersion = 16.0.31205.134
MinimumVisualStudioVersion = 10.0.40219.1
Project("{FAE04EC0-301F-11D3-BF4B-00C04F79EFBC}") = "Thales_RonnieRivera", "Thales_RonnieRivera\Thales_RonnieRivera.csproj", "{4EB94C0F-7708-4BF5-918C-E07A59C7050D}"
EndProject
Project("{FAE04EC0-301F-11D3-BF4B-00C04F79EFBC}") = "UnitTestEmployee", "UnitTestEmployee\UnitTestEmployee.csproj", "{C9AAC80B-C4B9-4653-A33B-DAB4788E46C3}"
EndProject
Global
	GlobalSection(SolutionConfigurationPlatforms) = preSolution
		Debug|Any CPU = Debug|Any CPU
		Release|Any CPU = Release|Any CPU
	EndGlobalSection
	GlobalSection(ProjectConfigurationPlatforms) = postSolution
		{4EB94C0F-7708-4BF5-918C-E07A59C7050D}.Debug|Any CPU.ActiveCfg = Debug|Any CPU
		{4EB94C0F-7708-4BF5-918C-E07A59C7050D}.Debug|Any CPU.Build.0 = Debug|Any CPU
		{4EB94C0F-7708-4BF5-918C-E07A59C7050D}.Release|Any CPU.ActiveCfg = Release|Any CPU
		{4EB94C0F-7708-4BF5-918C-E07A59C7050D}.Release|Any CPU.Build.0 = Release|Any CPU
		{C9AAC80B-C4B9-4653-A33B-DAB4788E46C3}.Debug|Any CPU.ActiveCfg = Debug|Any CPU
		{C9AAC80B-C4B9-4653-A33B-DAB4788E46C3}.Debug|Any CPU.Build.0 = Debug|Any CPU
		{C9AAC80B-C4B9-4653-A33B-DAB4788E46C3}.Release|Any CPU.ActiveCfg = Release|Any CPU
		{C9AAC80B-C4B9-4653-A33B-DAB4788E46C3}.Release|Any CPU.Build.0 = Release|Any CPU
	EndGlobalSection
	GlobalSection(SolutionProperties) = preSolution
		HideSolutionNode = FALSE
	EndGlobalSection
	GlobalSection(ExtensibilityGlobals) = postSolution
		SolutionGuid = {D0823028-A795-4AC6-A59B-FF58330C45B7}
	EndGlobalSection
EndGlobal
